{
  "pins" : [
    {
      "identity" : "liveview-client-swiftui",
      "kind" : "remoteSourceControl",
      "location" : "https://github.com/liveview-native/liveview-client-swiftui",
      "state" : {
        "revision" : "94676fce9fdfabc6b24fdf942ef874cdaac8ed5e",
        "version" : "0.4.0-rc.0"
      }
    },
    {
      "identity" : "liveview-native-core",
      "kind" : "remoteSourceControl",
      "location" : "https://github.com/liveview-native/liveview-native-core",
      "state" : {
        "revision" : "369503f39d7f257ac3361a1b7104ab14015c721c",
        "version" : "0.4.0"
      }
    },
    {
      "identity" : "swift-argument-parser",
      "kind" : "remoteSourceControl",
      "location" : "https://github.com/apple/swift-argument-parser",
      "state" : {
        "revision" : "41982a3656a71c768319979febd796c6fd111d5c",
        "version" : "1.5.0"
      }
    },
    {
      "identity" : "swift-async-algorithms",
      "kind" : "remoteSourceControl",
      "location" : "https://github.com/apple/swift-async-algorithms",
      "state" : {
        "revision" : "4c3ea81f81f0a25d0470188459c6d4bf20cf2f97",
        "version" : "1.0.3"
      }
    },
    {
      "identity" : "swift-case-paths",
      "kind" : "remoteSourceControl",
      "location" : "https://github.com/pointfreeco/swift-case-paths",
      "state" : {
        "revision" : "71344dd930fde41e8f3adafe260adcbb2fc2a3dc",
        "version" : "1.5.4"
      }
    },
    {
      "identity" : "swift-collections",
      "kind" : "remoteSourceControl",
      "location" : "https://github.com/apple/swift-collections.git",
      "state" : {
        "revision" : "3d2dc41a01f9e49d84f0a3925fb858bed64f702d",
        "version" : "1.1.2"
      }
    },
    {
      "identity" : "swift-parsing",
      "kind" : "remoteSourceControl",
      "location" : "https://github.com/pointfreeco/swift-parsing",
      "state" : {
        "revision" : "a0e7d73f462c1c38c59dc40a3969ac40cea42950",
        "version" : "0.13.0"
      }
    },
    {
      "identity" : "swift-syntax",
      "kind" : "remoteSourceControl",
      "location" : "https://github.com/swiftlang/swift-syntax.git",
      "state" : {
        "revision" : "0687f71944021d616d34d922343dcef086855920",
        "version" : "600.0.1"
      }
    },
    {
      "identity" : "xctest-dynamic-overlay",
      "kind" : "remoteSourceControl",
      "location" : "https://github.com/pointfreeco/xctest-dynamic-overlay",
      "state" : {
        "revision" : "357ca1e5dd31f613a1d43320870ebc219386a495",
        "version" : "1.2.2"
      }
    }
  ],
  "version" : 2
}
